github.com/markkurossi/gofdt v0.0.0-20260510203133-3b5b96238a8f h1:QUKGzcSoPZAMS69FVLZWCapW3jynPNv7OVdhaETwCTs=
github.com/markkurossi/gofdt v0.0.0-20260510203133-3b5b96238a8f/go.mod h1:E8PSn4N3UfIDrBsF7/gSyFm2I/QLFTpSEUytl9K7OXk=
github.com/markkurossi/gofdt v0.0.0-20260510205141-e016428818d8 h1:jyhX9QKINPwAoEV7Vger7mkoY4GmMn0n98B6jv8A2Kw=
github.com/markkurossi/gofdt v0.0.0-20260510205141-e016428818d8/go.mod h1:E8PSn4N3UfIDrBsF7/gSyFm2I/QLFTpSEUytl9K7OXk=
